// !$*UTF8*$!
{
	archiveVersion = 1;
	classes = {};
	objectVersion = 56;
	objects = {

/* Begin PBXBuildFile section */
		000000000000000000001002 /* EQtargetsMusicApp.swift in Sources */ = {isa = PBXBuildFile; fileRef = 000000000000000000001001 /* EQtargetsMusicApp.swift */; };
		000000000000000000001004 /* EQModels.swift in Sources */ = {isa = PBXBuildFile; fileRef = 000000000000000000001003 /* EQModels.swift */; };
		000000000000000000001056 /* BassProcessor.swift in Sources */ = {isa = PBXBuildFile; fileRef = 000000000000000000001055 /* BassProcessor.swift */; };
		000000000000000000001058 /* LimiterProcessor.swift in Sources */ = {isa = PBXBuildFile; fileRef = 000000000000000000001057 /* LimiterProcessor.swift */; };
		000000000000000000001006 /* Track.swift in Sources */ = {isa = PBXBuildFile; fileRef = 000000000000000000001005 /* Track.swift */; };
		000000000000000000001008 /* AudioPlayerEngine.swift in Sources */ = {isa = PBXBuildFile; fileRef = 000000000000000000001007 /* AudioPlayerEngine.swift */; };
		00000000000000000000100A /* LibraryStore.swift in Sources */ = {isa = PBXBuildFile; fileRef = 000000000000000000001009 /* LibraryStore.swift */; };
		00000000000000000000102E /* BPMDetector.swift in Sources */ = {isa = PBXBuildFile; fileRef = 00000000000000000000102D /* BPMDetector.swift */; };
		000000000000000000001030 /* ArtworkImageCache.swift in Sources */ = {isa = PBXBuildFile; fileRef = 00000000000000000000102F /* ArtworkImageCache.swift */; };
		000000000000000000001032 /* BangerShuffle.swift in Sources */ = {isa = PBXBuildFile; fileRef = 000000000000000000001031 /* BangerShuffle.swift */; };
		000000000000000000001034 /* CrossfadeEngine.swift in Sources */ = {isa = PBXBuildFile; fileRef = 000000000000000000001033 /* CrossfadeEngine.swift */; };
		000000000000000000001036 /* SilenceAnalyzer.swift in Sources */ = {isa = PBXBuildFile; fileRef = 000000000000000000001035 /* SilenceAnalyzer.swift */; };
		00000000000000000000100C /* GrokTheme.swift in Sources */ = {isa = PBXBuildFile; fileRef = 00000000000000000000100B /* GrokTheme.swift */; };
		000000000000000000001052 /* AppSurfaceColors.swift in Sources */ = {isa = PBXBuildFile; fileRef = 000000000000000000001051 /* AppSurfaceColors.swift */; };
		00000000000000000000100E /* TrackRowView.swift in Sources */ = {isa = PBXBuildFile; fileRef = 00000000000000000000100D /* TrackRowView.swift */; };
		000000000000000000001010 /* EQControlsView.swift in Sources */ = {isa = PBXBuildFile; fileRef = 00000000000000000000100F /* EQControlsView.swift */; };
		000000000000000000001012 /* EQGraphView.swift in Sources */ = {isa = PBXBuildFile; fileRef = 000000000000000000001011 /* EQGraphView.swift */; };
		000000000000000000001014 /* MusicLibraryViews.swift in Sources */ = {isa = PBXBuildFile; fileRef = 000000000000000000001013 /* MusicLibraryViews.swift */; };
		000000000000000000001016 /* NowPlayingView.swift in Sources */ = {isa = PBXBuildFile; fileRef = 000000000000000000001015 /* NowPlayingView.swift */; };
		000000000000000000001018 /* RootTabView.swift in Sources */ = {isa = PBXBuildFile; fileRef = 000000000000000000001017 /* RootTabView.swift */; };
		000000000000000000001038 /* PlayerSurfaceState.swift in Sources */ = {isa = PBXBuildFile; fileRef = 000000000000000000001037 /* PlayerSurfaceState.swift */; };
		00000000000000000000103A /* MiniPlayerBar.swift in Sources */ = {isa = PBXBuildFile; fileRef = 000000000000000000001039 /* MiniPlayerBar.swift */; };
		00000000000000000000103C /* ImmersivePlayerView.swift in Sources */ = {isa = PBXBuildFile; fileRef = 00000000000000000000103B /* ImmersivePlayerView.swift */; };
		00000000000000000000103E /* QueueSheet.swift in Sources */ = {isa = PBXBuildFile; fileRef = 00000000000000000000103D /* QueueSheet.swift */; };
		000000000000000000001040 /* TabBarHeightReader.swift in Sources */ = {isa = PBXBuildFile; fileRef = 00000000000000000000103F /* TabBarHeightReader.swift */; };
		000000000000000000001042 /* MiniPlayerArtFrameKey.swift in Sources */ = {isa = PBXBuildFile; fileRef = 000000000000000000001041 /* MiniPlayerArtFrameKey.swift */; };
		000000000000000000001044 /* PlayerArtworkVisualCache.swift in Sources */ = {isa = PBXBuildFile; fileRef = 000000000000000000001043 /* PlayerArtworkVisualCache.swift */; };
		000000000000000000001046 /* PlayerProgressScrubber.swift in Sources */ = {isa = PBXBuildFile; fileRef = 000000000000000000001045 /* PlayerProgressScrubber.swift */; };
		000000000000000000001048 /* SmartShuffleSelector.swift in Sources */ = {isa = PBXBuildFile; fileRef = 000000000000000000001047 /* SmartShuffleSelector.swift */; };
		00000000000000000000104C /* TempoFeel.swift in Sources */ = {isa = PBXBuildFile; fileRef = 00000000000000000000104B /* TempoFeel.swift */; };
		00000000000000000000104E /* InterVariable.ttf in Resources */ = {isa = PBXBuildFile; fileRef = 00000000000000000000104D /* InterVariable.ttf */; };
		000000000000000000001050 /* AppTypography.swift in Sources */ = {isa = PBXBuildFile; fileRef = 00000000000000000000104F /* AppTypography.swift */; };
		00000000000000000000104A /* ShuffleDiversity.swift in Sources */ = {isa = PBXBuildFile; fileRef = 000000000000000000001049 /* ShuffleDiversity.swift */; };
		000000000000000000001054 /* PerformanceMemory.swift in Sources */ = {isa = PBXBuildFile; fileRef = 000000000000000000001053 /* PerformanceMemory.swift */; };
		00000000000000000000101A /* Assets.xcassets in Resources */ = {isa = PBXBuildFile; fileRef = 000000000000000000001019 /* Assets.xcassets */; };
/* End PBXBuildFile section */

/* Begin PBXFileReference section */
		000000000000000000001001 /* EQtargetsMusicApp.swift */ = {isa = PBXFileReference; lastKnownFileType = sourcecode.swift; name = EQtargetsMusicApp.swift; path = App/EQtargetsMusicApp.swift; sourceTree = "<group>"; };
		000000000000000000001003 /* EQModels.swift */ = {isa = PBXFileReference; lastKnownFileType = sourcecode.swift; name = EQModels.swift; path = Models/EQModels.swift; sourceTree = "<group>"; };
		000000000000000000001055 /* BassProcessor.swift */ = {isa = PBXFileReference; lastKnownFileType = sourcecode.swift; name = BassProcessor.swift; path = Models/BassProcessor.swift; sourceTree = "<group>"; };
		000000000000000000001057 /* LimiterProcessor.swift */ = {isa = PBXFileReference; lastKnownFileType = sourcecode.swift; name = LimiterProcessor.swift; path = Models/LimiterProcessor.swift; sourceTree = "<group>"; };
		000000000000000000001005 /* Track.swift */ = {isa = PBXFileReference; lastKnownFileType = sourcecode.swift; name = Track.swift; path = Models/Track.swift; sourceTree = "<group>"; };
		000000000000000000001007 /* AudioPlayerEngine.swift */ = {isa = PBXFileReference; lastKnownFileType = sourcecode.swift; name = AudioPlayerEngine.swift; path = Services/AudioPlayerEngine.swift; sourceTree = "<group>"; };
		000000000000000000001009 /* LibraryStore.swift */ = {isa = PBXFileReference; lastKnownFileType = sourcecode.swift; name = LibraryStore.swift; path = Services/LibraryStore.swift; sourceTree = "<group>"; };
		00000000000000000000102D /* BPMDetector.swift */ = {isa = PBXFileReference; lastKnownFileType = sourcecode.swift; name = BPMDetector.swift; path = Services/BPMDetector.swift; sourceTree = "<group>"; };
		00000000000000000000102F /* ArtworkImageCache.swift */ = {isa = PBXFileReference; lastKnownFileType = sourcecode.swift; name = ArtworkImageCache.swift; path = Services/ArtworkImageCache.swift; sourceTree = "<group>"; };
		000000000000000000001031 /* BangerShuffle.swift */ = {isa = PBXFileReference; lastKnownFileType = sourcecode.swift; name = BangerShuffle.swift; path = Services/BangerShuffle.swift; sourceTree = "<group>"; };
		000000000000000000001033 /* CrossfadeEngine.swift */ = {isa = PBXFileReference; lastKnownFileType = sourcecode.swift; name = CrossfadeEngine.swift; path = Services/CrossfadeEngine.swift; sourceTree = "<group>"; };
		000000000000000000001035 /* SilenceAnalyzer.swift */ = {isa = PBXFileReference; lastKnownFileType = sourcecode.swift; name = SilenceAnalyzer.swift; path = Services/SilenceAnalyzer.swift; sourceTree = "<group>"; };
		00000000000000000000100B /* GrokTheme.swift */ = {isa = PBXFileReference; lastKnownFileType = sourcecode.swift; name = GrokTheme.swift; path = Theme/GrokTheme.swift; sourceTree = "<group>"; };
		000000000000000000001051 /* AppSurfaceColors.swift */ = {isa = PBXFileReference; lastKnownFileType = sourcecode.swift; name = AppSurfaceColors.swift; path = Theme/AppSurfaceColors.swift; sourceTree = "<group>"; };
		00000000000000000000100D /* TrackRowView.swift */ = {isa = PBXFileReference; lastKnownFileType = sourcecode.swift; name = TrackRowView.swift; path = Views/Components/TrackRowView.swift; sourceTree = "<group>"; };
		00000000000000000000100F /* EQControlsView.swift */ = {isa = PBXFileReference; lastKnownFileType = sourcecode.swift; name = EQControlsView.swift; path = Views/EQ/EQControlsView.swift; sourceTree = "<group>"; };
		000000000000000000001011 /* EQGraphView.swift */ = {isa = PBXFileReference; lastKnownFileType = sourcecode.swift; name = EQGraphView.swift; path = Views/EQ/EQGraphView.swift; sourceTree = "<group>"; };
		000000000000000000001013 /* MusicLibraryViews.swift */ = {isa = PBXFileReference; lastKnownFileType = sourcecode.swift; name = MusicLibraryViews.swift; path = Views/Library/MusicLibraryViews.swift; sourceTree = "<group>"; };
		000000000000000000001015 /* NowPlayingView.swift */ = {isa = PBXFileReference; lastKnownFileType = sourcecode.swift; name = NowPlayingView.swift; path = Views/NowPlaying/NowPlayingView.swift; sourceTree = "<group>"; };
		000000000000000000001017 /* RootTabView.swift */ = {isa = PBXFileReference; lastKnownFileType = sourcecode.swift; name = RootTabView.swift; path = Views/Root/RootTabView.swift; sourceTree = "<group>"; };
		000000000000000000001037 /* PlayerSurfaceState.swift */ = {isa = PBXFileReference; lastKnownFileType = sourcecode.swift; name = PlayerSurfaceState.swift; path = Views/Player/PlayerSurfaceState.swift; sourceTree = "<group>"; };
		000000000000000000001039 /* MiniPlayerBar.swift */ = {isa = PBXFileReference; lastKnownFileType = sourcecode.swift; name = MiniPlayerBar.swift; path = Views/Player/MiniPlayerBar.swift; sourceTree = "<group>"; };
		00000000000000000000103B /* ImmersivePlayerView.swift */ = {isa = PBXFileReference; lastKnownFileType = sourcecode.swift; name = ImmersivePlayerView.swift; path = Views/Player/ImmersivePlayerView.swift; sourceTree = "<group>"; };
		00000000000000000000103D /* QueueSheet.swift */ = {isa = PBXFileReference; lastKnownFileType = sourcecode.swift; name = QueueSheet.swift; path = Views/Player/QueueSheet.swift; sourceTree = "<group>"; };
		00000000000000000000103F /* TabBarHeightReader.swift */ = {isa = PBXFileReference; lastKnownFileType = sourcecode.swift; name = TabBarHeightReader.swift; path = Views/Player/TabBarHeightReader.swift; sourceTree = "<group>"; };
		000000000000000000001041 /* MiniPlayerArtFrameKey.swift */ = {isa = PBXFileReference; lastKnownFileType = sourcecode.swift; name = MiniPlayerArtFrameKey.swift; path = Views/Player/MiniPlayerArtFrameKey.swift; sourceTree = "<group>"; };
		000000000000000000001043 /* PlayerArtworkVisualCache.swift */ = {isa = PBXFileReference; lastKnownFileType = sourcecode.swift; name = PlayerArtworkVisualCache.swift; path = Views/Player/PlayerArtworkVisualCache.swift; sourceTree = "<group>"; };
		000000000000000000001045 /* PlayerProgressScrubber.swift */ = {isa = PBXFileReference; lastKnownFileType = sourcecode.swift; name = PlayerProgressScrubber.swift; path = Views/Player/PlayerProgressScrubber.swift; sourceTree = "<group>"; };
		000000000000000000001047 /* SmartShuffleSelector.swift */ = {isa = PBXFileReference; lastKnownFileType = sourcecode.swift; name = SmartShuffleSelector.swift; path = Services/SmartShuffleSelector.swift; sourceTree = "<group>"; };
		00000000000000000000104B /* TempoFeel.swift */ = {isa = PBXFileReference; lastKnownFileType = sourcecode.swift; name = TempoFeel.swift; path = Services/TempoFeel.swift; sourceTree = "<group>"; };
		00000000000000000000104D /* InterVariable.ttf */ = {isa = PBXFileReference; lastKnownFileType = file; name = InterVariable.ttf; path = Resources/Fonts/InterVariable.ttf; sourceTree = "<group>"; };
		00000000000000000000104F /* AppTypography.swift */ = {isa = PBXFileReference; lastKnownFileType = sourcecode.swift; name = AppTypography.swift; path = Theme/AppTypography.swift; sourceTree = "<group>"; };
		000000000000000000001049 /* ShuffleDiversity.swift */ = {isa = PBXFileReference; lastKnownFileType = sourcecode.swift; name = ShuffleDiversity.swift; path = Services/ShuffleDiversity.swift; sourceTree = "<group>"; };
		000000000000000000001053 /* PerformanceMemory.swift */ = {isa = PBXFileReference; lastKnownFileType = sourcecode.swift; name = PerformanceMemory.swift; path = Services/PerformanceMemory.swift; sourceTree = "<group>"; };
		000000000000000000001019 /* Assets.xcassets */ = {isa = PBXFileReference; lastKnownFileType = folder.assetcatalog; path = Assets.xcassets; sourceTree = "<group>"; };
		00000000000000000000101B /* Info.plist */ = {isa = PBXFileReference; lastKnownFileType = text.plist.xml; path = Info.plist; sourceTree = "<group>"; };
		00000000000000000000101C /* EQtargetsMusic.app */ = {isa = PBXFileReference; explicitFileType = wrapper.application; includeInIndex = 0; path = EQtargetsMusic.app; sourceTree = BUILT_PRODUCTS_DIR; };
/* End PBXFileReference section */

/* Begin PBXFrameworksBuildPhase section */
		000000000000000000001021 /* Frameworks */ = {
			isa = PBXFrameworksBuildPhase; buildActionMask = 2147483647; files = (); runOnlyForDeploymentPostprocessing = 0;
		};
/* End PBXFrameworksBuildPhase section */

/* Begin PBXGroup section */
		000000000000000000001022 = {
			isa = PBXGroup;
			children = (000000000000000000001024 /* EQtargetsMusic */, 000000000000000000001023 /* Products */,);
			sourceTree = "<group>";
		};
		000000000000000000001023 /* Products */ = {
			isa = PBXGroup;
			children = (00000000000000000000101C /* EQtargetsMusic.app */,);
			name = Products; sourceTree = "<group>";
		};
		000000000000000000001024 /* EQtargetsMusic */ = {
			isa = PBXGroup;
			children = (000000000000000000001001 /* EQtargetsMusicApp.swift */, 000000000000000000001003 /* EQModels.swift */, 000000000000000000001055 /* BassProcessor.swift */, 000000000000000000001057 /* LimiterProcessor.swift */, 000000000000000000001005 /* Track.swift */, 000000000000000000001007 /* AudioPlayerEngine.swift */, 000000000000000000001009 /* LibraryStore.swift */, 00000000000000000000102D /* BPMDetector.swift */, 00000000000000000000102F /* ArtworkImageCache.swift */, 000000000000000000001053 /* PerformanceMemory.swift */, 000000000000000000001031 /* BangerShuffle.swift */, 000000000000000000001049 /* ShuffleDiversity.swift */, 000000000000000000001033 /* CrossfadeEngine.swift */, 000000000000000000001035 /* SilenceAnalyzer.swift */, 000000000000000000001047 /* SmartShuffleSelector.swift */, 00000000000000000000104B /* TempoFeel.swift */, 00000000000000000000100B /* GrokTheme.swift */, 000000000000000000001051 /* AppSurfaceColors.swift */, 00000000000000000000104F /* AppTypography.swift */, 00000000000000000000100D /* TrackRowView.swift */, 00000000000000000000100F /* EQControlsView.swift */, 000000000000000000001011 /* EQGraphView.swift */, 000000000000000000001013 /* MusicLibraryViews.swift */, 000000000000000000001015 /* NowPlayingView.swift */, 000000000000000000001037 /* PlayerSurfaceState.swift */, 000000000000000000001039 /* MiniPlayerBar.swift */, 000000000000000000001041 /* MiniPlayerArtFrameKey.swift */, 000000000000000000001043 /* PlayerArtworkVisualCache.swift */, 000000000000000000001045 /* PlayerProgressScrubber.swift */, 00000000000000000000103B /* ImmersivePlayerView.swift */, 00000000000000000000103D /* QueueSheet.swift */, 00000000000000000000103F /* TabBarHeightReader.swift */, 000000000000000000001017 /* RootTabView.swift */, 000000000000000000001019 /* Assets.xcassets */, 00000000000000000000104D /* InterVariable.ttf */, 00000000000000000000101B /* Info.plist */,);
			path = EQtargetsMusic;
			sourceTree = "<group>";
		};
/* End PBXGroup section */

/* Begin PBXNativeTarget section */
		00000000000000000000101D /* EQtargetsMusic */ = {
			isa = PBXNativeTarget;
			buildConfigurationList = 000000000000000000001026 /* Build configuration list for PBXNativeTarget "EQtargetsMusic" */;
			buildPhases = (00000000000000000000101F /* Sources */, 000000000000000000001021 /* Frameworks */, 000000000000000000001020 /* Resources */,);
			buildRules = ();
			dependencies = ();
			name = EQtargetsMusic;
			productName = EQtargetsMusic;
			productReference = 00000000000000000000101C /* EQtargetsMusic.app */;
			productType = "com.apple.product-type.application";
		};
/* End PBXNativeTarget section */

/* Begin PBXProject section */
		00000000000000000000101E /* Project object */ = {
			isa = PBXProject;
			attributes = { BuildIndependentTargetsInParallel = 1; LastSwiftUpdateCheck = 1600; LastUpgradeCheck = 1600; };
			buildConfigurationList = 000000000000000000001025 /* Build configuration list for PBXProject "EQtargetsMusic" */;
			compatibilityVersion = "Xcode 14.0";
			developmentRegion = en;
			hasScannedForEncodings = 0;
			knownRegions = (en, Base,);
			mainGroup = 000000000000000000001022;
			productRefGroup = 000000000000000000001023 /* Products */;
			projectDirPath = "";
			projectRoot = "";
			targets = (00000000000000000000101D /* EQtargetsMusic */,);
		};
/* End PBXProject section */

/* Begin PBXResourcesBuildPhase section */
		000000000000000000001020 /* Resources */ = {
			isa = PBXResourcesBuildPhase; buildActionMask = 2147483647;
			files = (00000000000000000000101A /* Assets.xcassets in Resources */, 00000000000000000000104E /* InterVariable.ttf in Resources */,);
			runOnlyForDeploymentPostprocessing = 0;
		};
/* End PBXResourcesBuildPhase section */

/* Begin PBXSourcesBuildPhase section */
		00000000000000000000101F /* Sources */ = {
			isa = PBXSourcesBuildPhase; buildActionMask = 2147483647;
			files = (
				000000000000000000001002 /* EQtargetsMusicApp.swift in Sources */,
				000000000000000000001004 /* EQModels.swift in Sources */,
				000000000000000000001056 /* BassProcessor.swift in Sources */,
				000000000000000000001058 /* LimiterProcessor.swift in Sources */,
				000000000000000000001006 /* Track.swift in Sources */,
				000000000000000000001008 /* AudioPlayerEngine.swift in Sources */,
				00000000000000000000100A /* LibraryStore.swift in Sources */,
				00000000000000000000102E /* BPMDetector.swift in Sources */,
				000000000000000000001030 /* ArtworkImageCache.swift in Sources */,
				000000000000000000001054 /* PerformanceMemory.swift in Sources */,
				000000000000000000001032 /* BangerShuffle.swift in Sources */,
				00000000000000000000104A /* ShuffleDiversity.swift in Sources */,
				000000000000000000001034 /* CrossfadeEngine.swift in Sources */,
				000000000000000000001036 /* SilenceAnalyzer.swift in Sources */,
				000000000000000000001048 /* SmartShuffleSelector.swift in Sources */,
				00000000000000000000104C /* TempoFeel.swift in Sources */,
				000000000000000000001050 /* AppTypography.swift in Sources */,
				00000000000000000000100C /* GrokTheme.swift in Sources */,
				000000000000000000001052 /* AppSurfaceColors.swift in Sources */,
				00000000000000000000100E /* TrackRowView.swift in Sources */,
				000000000000000000001010 /* EQControlsView.swift in Sources */,
				000000000000000000001012 /* EQGraphView.swift in Sources */,
				000000000000000000001014 /* MusicLibraryViews.swift in Sources */,
				000000000000000000001016 /* NowPlayingView.swift in Sources */,
				000000000000000000001038 /* PlayerSurfaceState.swift in Sources */,
				00000000000000000000103A /* MiniPlayerBar.swift in Sources */,
				000000000000000000001042 /* MiniPlayerArtFrameKey.swift in Sources */,
				000000000000000000001044 /* PlayerArtworkVisualCache.swift in Sources */,
				000000000000000000001046 /* PlayerProgressScrubber.swift in Sources */,
				00000000000000000000103C /* ImmersivePlayerView.swift in Sources */,
				00000000000000000000103E /* QueueSheet.swift in Sources */,
				000000000000000000001040 /* TabBarHeightReader.swift in Sources */,
				000000000000000000001018 /* RootTabView.swift in Sources */,
			);
			runOnlyForDeploymentPostprocessing = 0;
		};
/* End PBXSourcesBuildPhase section */

/* Begin XCBuildConfiguration section */
		000000000000000000001027 /* Debug */ = {
			isa = XCBuildConfiguration;
			buildSettings = {
				ALWAYS_SEARCH_USER_PATHS = NO;
				CLANG_ENABLE_MODULES = YES;
				IPHONEOS_DEPLOYMENT_TARGET = 26.0;
				SDKROOT = iphoneos;
				ONLY_ACTIVE_ARCH = YES;
				SWIFT_ACTIVE_COMPILATION_CONDITIONS = DEBUG;
				SWIFT_OPTIMIZATION_LEVEL = "-Onone";
				DEBUG_INFORMATION_FORMAT = dwarf;
				ENABLE_TESTABILITY = YES;
			};
			name = Debug;
			};
		000000000000000000001028 /* Release */ = {
			isa = XCBuildConfiguration;
			buildSettings = {
				ALWAYS_SEARCH_USER_PATHS = NO;
				CLANG_ENABLE_MODULES = YES;
				IPHONEOS_DEPLOYMENT_TARGET = 26.0;
				SDKROOT = iphoneos;
				SWIFT_OPTIMIZATION_LEVEL = "-O";
				SWIFT_COMPILATION_MODE = wholemodule;
				DEBUG_INFORMATION_FORMAT = "dwarf-with-dsym";
			};
			name = Release;
			};
		000000000000000000001029 /* Debug */ = {
			isa = XCBuildConfiguration;
			buildSettings = {
				ARCHS = arm64;
				ASSETCATALOG_COMPILER_APPICON_NAME = AppIcon;
				ASSETCATALOG_COMPILER_GLOBAL_ACCENT_COLOR_NAME = AccentColor;
				ASSETCATALOG_COMPILER_OPTIMIZATION = space;
				CODE_SIGN_IDENTITY = "Apple Development";
				CODE_SIGN_STYLE = Automatic;
				CURRENT_PROJECT_VERSION = 1;
				DEAD_CODE_STRIPPING = YES;
				DEVELOPMENT_TEAM = RV23UF9649;
				ENABLE_BITCODE = NO;
				ENABLE_PREVIEWS = YES;
				GENERATE_INFOPLIST_FILE = NO;
				INFOPLIST_FILE = EQtargetsMusic/Info.plist;
				IPHONEOS_DEPLOYMENT_TARGET = 26.0;
				LD_RUNPATH_SEARCH_PATHS = (
					"$(inherited)",
					"@executable_path/Frameworks",
				);
				MARKETING_VERSION = 1.0.0;
				ONLY_ACTIVE_ARCH = YES;
				PRODUCT_BUNDLE_IDENTIFIER = com.eqtargets.music;
				PRODUCT_NAME = "$(TARGET_NAME)";
				SDKROOT = iphoneos;
				SUPPORTED_PLATFORMS = "iphoneos iphonesimulator";
				SUPPORTS_MACCATALYST = NO;
				SWIFT_EMIT_LOC_STRINGS = YES;
				SWIFT_VERSION = 5.0;
				TARGETED_DEVICE_FAMILY = "1,2";
				VALIDATE_PRODUCT = NO;
			};
			name = Debug;
			};
		00000000000000000000102A /* Release */ = {
			isa = XCBuildConfiguration;
			buildSettings = {
				ARCHS = arm64;
				ASSETCATALOG_COMPILER_APPICON_NAME = AppIcon;
				ASSETCATALOG_COMPILER_GLOBAL_ACCENT_COLOR_NAME = AccentColor;
				ASSETCATALOG_COMPILER_OPTIMIZATION = space;
				CODE_SIGN_IDENTITY = "Apple Development";
				CODE_SIGN_STYLE = Automatic;
				COPY_PHASE_STRIP = YES;
				CURRENT_PROJECT_VERSION = 1;
				DEAD_CODE_STRIPPING = YES;
				DEPLOYMENT_POSTPROCESSING = YES;
				DEVELOPMENT_TEAM = RV23UF9649;
				ENABLE_BITCODE = NO;
				ENABLE_NS_ASSERTIONS = NO;
				ENABLE_PREVIEWS = NO;
				GCC_OPTIMIZATION_LEVEL = 3;
				GENERATE_INFOPLIST_FILE = NO;
				INFOPLIST_FILE = EQtargetsMusic/Info.plist;
				IPHONEOS_DEPLOYMENT_TARGET = 26.0;
				LD_RUNPATH_SEARCH_PATHS = (
					"$(inherited)",
					"@executable_path/Frameworks",
				);
				LLVM_LTO = YES;
				MARKETING_VERSION = 1.0.0;
				ONLY_ACTIVE_ARCH = NO;
				PRODUCT_BUNDLE_IDENTIFIER = com.eqtargets.music;
				PRODUCT_NAME = "$(TARGET_NAME)";
				SDKROOT = iphoneos;
				STRIP_INSTALLED_PRODUCT = YES;
				STRIP_STYLE = all;
				SUPPORTED_PLATFORMS = "iphoneos iphonesimulator";
				SUPPORTS_MACCATALYST = NO;
				SWIFT_COMPILATION_MODE = wholemodule;
				SWIFT_EMIT_LOC_STRINGS = YES;
				SWIFT_OPTIMIZATION_LEVEL = "-O";
				SWIFT_VERSION = 5.0;
				TARGETED_DEVICE_FAMILY = "1,2";
				VALIDATE_PRODUCT = YES;
			};
			name = Release;
			};
/* End XCBuildConfiguration section */

/* Begin XCConfigurationList section */
		000000000000000000001025 /* Build configuration list for PBXProject "EQtargetsMusic" */ = {
			isa = XCConfigurationList; buildConfigurations = (000000000000000000001027 /* Debug */, 000000000000000000001028 /* Release */,); defaultConfigurationIsVisible = 0; defaultConfigurationName = Release;
		};
		000000000000000000001026 /* Build configuration list for PBXNativeTarget "EQtargetsMusic" */ = {
			isa = XCConfigurationList; buildConfigurations = (000000000000000000001029 /* Debug */, 00000000000000000000102A /* Release */,); defaultConfigurationIsVisible = 0; defaultConfigurationName = Release;
		};
/* End XCConfigurationList section */
	};
	rootObject = 00000000000000000000101E /* Project object */;
}
